{
    "name": "ti-element-component",
    "version": "0.0.1-patch.2",
    "lockfileVersion": 3,
    "requires": true,
    "packages": {
        "": {
            "name": "ti-element-component",
            "version": "0.0.1-patch.2",
            "dependencies": {
                "ti-element-component": "^0.0.1-patch.2"
            }
        },
        "node_modules/ti-element-component": {
            "version": "0.0.1-patch.2",
            "resolved": "https://registry.npmjs.org/ti-element-component/-/ti-element-component-0.0.1-patch.2.tgz",
            "integrity": "sha512-rvFKsCyY7g4kUfyOJ+aLhvt0G7T62LIDrdbTd1lVWB0qz4wAJdcB/KoqUTBj7ql8ss1iS1m4fM8zU7cM+vx73A=="
        }
    }
}
